{
  "hop.nvim": { "branch": "v2", "commit": "90db1b2c61b820e230599a04fedcd2679e64bd07" },
  "lazy.nvim": { "branch": "main", "commit": "fafe1f7c640aed75e70a10e6649612cd96f39149" },
  "leap.nvim": { "branch": "main", "commit": "0d15057cc47fa49f6609bf364f5ad3842f08c58c" },
  "nvim-surround": { "branch": "main", "commit": "687ea2f33955df0042bf228853a82696265e7e2d" },
  "vim-repeat": { "branch": "master", "commit": "24afe922e6a05891756ecf331f39a1f6743d3d5a" }
}